
Microsoft Visual Studio Solution File, Format Version 12.00
# Visual Studio Version 16
VisualStudioVersion = 16.0.31702.278
MinimumVisualStudioVersion = 10.0.40219.1
Project("{FAE04EC0-301F-11D3-BF4B-00C04F79EFBC}") = "ExcelFileCleaner", "ExcelFileCleaner\ExcelFileCleaner.csproj", "{D693F25E-D95B-46AE-9145-DA95ED2A1284}"
EndProject
Global
	GlobalSection(SolutionConfigurationPlatforms) = preSolution
		CD_ROM|Any CPU = CD_ROM|Any CPU
		CD_ROM|x86 = CD_ROM|x86
		Debug|Any CPU = Debug|Any CPU
		Debug|x86 = Debug|x86
		DVD-5|Any CPU = DVD-5|Any CPU
		DVD-5|x86 = DVD-5|x86
		Release|Any CPU = Release|Any CPU
		Release|x86 = Release|x86
		SingleImage|Any CPU = SingleImage|Any CPU
		SingleImage|x86 = SingleImage|x86
	EndGlobalSection
	GlobalSection(ProjectConfigurationPlatforms) = postSolution
		{D693F25E-D95B-46AE-9145-DA95ED2A1284}.CD_ROM|Any CPU.ActiveCfg = Release|x86
		{D693F25E-D95B-46AE-9145-DA95ED2A1284}.CD_ROM|x86.ActiveCfg = Release|x86
		{D693F25E-D95B-46AE-9145-DA95ED2A1284}.CD_ROM|x86.Build.0 = Release|x86
		{D693F25E-D95B-46AE-9145-DA95ED2A1284}.Debug|Any CPU.ActiveCfg = Debug|Any CPU
		{D693F25E-D95B-46AE-9145-DA95ED2A1284}.Debug|Any CPU.Build.0 = Debug|Any CPU
		{D693F25E-D95B-46AE-9145-DA95ED2A1284}.Debug|x86.ActiveCfg = Debug|Any CPU
		{D693F25E-D95B-46AE-9145-DA95ED2A1284}.Debug|x86.Build.0 = Debug|Any CPU
		{D693F25E-D95B-46AE-9145-DA95ED2A1284}.DVD-5|Any CPU.ActiveCfg = Debug|x86
		{D693F25E-D95B-46AE-9145-DA95ED2A1284}.DVD-5|x86.ActiveCfg = Debug|x86
		{D693F25E-D95B-46AE-9145-DA95ED2A1284}.DVD-5|x86.Build.0 = Debug|x86
		{D693F25E-D95B-46AE-9145-DA95ED2A1284}.Release|Any CPU.ActiveCfg = Release|Any CPU
		{D693F25E-D95B-46AE-9145-DA95ED2A1284}.Release|Any CPU.Build.0 = Release|Any CPU
		{D693F25E-D95B-46AE-9145-DA95ED2A1284}.Release|x86.ActiveCfg = Release|x86
		{D693F25E-D95B-46AE-9145-DA95ED2A1284}.Release|x86.Build.0 = Release|x86
		{D693F25E-D95B-46AE-9145-DA95ED2A1284}.SingleImage|Any CPU.ActiveCfg = Release|x86
		{D693F25E-D95B-46AE-9145-DA95ED2A1284}.SingleImage|x86.ActiveCfg = Release|x86
		{D693F25E-D95B-46AE-9145-DA95ED2A1284}.SingleImage|x86.Build.0 = Release|x86
	EndGlobalSection
	GlobalSection(SolutionProperties) = preSolution
		HideSolutionNode = FALSE
	EndGlobalSection
	GlobalSection(ExtensibilityGlobals) = postSolution
		SolutionGuid = {C85EF69A-C9FB-4712-B9DA-BF77DD4BF390}
	EndGlobalSection
EndGlobal
